// !$*UTF8*$!
{
	archiveVersion = 1;
	classes = {
	};
	objectVersion = 46;
	objects = {

/* Begin PBXBuildFile section */
		910CD1F71C16B64D00932630 /* main.m in Sources */ = {isa = PBXBuildFile; fileRef = 910CD1F61C16B64D00932630 /* main.m */; };
		910CD1FA1C16B64D00932630 /* AppDelegate.m in Sources */ = {isa = PBXBuildFile; fileRef = 910CD1F91C16B64D00932630 /* AppDelegate.m */; };
		910CD1FD1C16B64D00932630 /* ViewController.m in Sources */ = {isa = PBXBuildFile; fileRef = 910CD1FC1C16B64D00932630 /* ViewController.m */; };
		910CD2021C16B64D00932630 /* Assets.xcassets in Resources */ = {isa = PBXBuildFile; fileRef = 910CD2011C16B64D00932630 /* Assets.xcassets */; };
		910CD2051C16B64D00932630 /* LaunchScreen.storyboard in Resources */ = {isa = PBXBuildFile; fileRef = 910CD2031C16B64D00932630 /* LaunchScreen.storyboard */; };
		910CD20E1C16B90000932630 /* CalenderAnimationController.m in Sources */ = {isa = PBXBuildFile; fileRef = 910CD20D1C16B90000932630 /* CalenderAnimationController.m */; };
/* End PBXBuildFile section */

/* Begin PBXFileReference section */
		910CD1F21C16B64D00932630 /* calenderAnimator.app */ = {isa = PBXFileReference; explicitFileType = wrapper.application; includeInIndex = 0; path = calenderAnimator.app; sourceTree = BUILT_PRODUCTS_DIR; };
		910CD1F61C16B64D00932630 /* main.m */ = {isa = PBXFileReference; lastKnownFileType = sourcecode.c.objc; path = main.m; sourceTree = "<group>"; };
		910CD1F81C16B64D00932630 /* AppDelegate.h */ = {isa = PBXFileReference; lastKnownFileType = sourcecode.c.h; path = AppDelegate.h; sourceTree = "<group>"; };
		910CD1F91C16B64D00932630 /* AppDelegate.m */ = {isa = PBXFileReference; lastKnownFileType = sourcecode.c.objc; path = AppDelegate.m; sourceTree = "<group>"; };
		910CD1FB1C16B64D00932630 /* ViewController.h */ = {isa = PBXFileReference; lastKnownFileType = sourcecode.c.h; path = ViewController.h; sourceTree = "<group>"; };
		910CD1FC1C16B64D00932630 /* ViewController.m */ = {isa = PBXFileReference; lastKnownFileType = sourcecode.c.objc; path = ViewController.m; sourceTree = "<group>"; };
		910CD2011C16B64D00932630 /* Assets.xcassets */ = {isa = PBXFileReference; lastKnownFileType = folder.assetcatalog; path = Assets.xcassets; sourceTree = "<group>"; };
		910CD2041C16B64D00932630 /* Base */ = {isa = PBXFileReference; lastKnownFileType = file.storyboard; name = Base; path = Base.lproj/LaunchScreen.storyboard; sourceTree = "<group>"; };
		910CD2061C16B64D00932630 /* Info.plist */ = {isa = PBXFileReference; lastKnownFileType = text.plist.xml; path = Info.plist; sourceTree = "<group>"; };
		910CD20C1C16B90000932630 /* CalenderAnimationController.h */ = {isa = PBXFileReference; fileEncoding = 4; lastKnownFileType = sourcecode.c.h; path = CalenderAnimationController.h; sourceTree = "<group>"; };
		910CD20D1C16B90000932630 /* CalenderAnimationController.m */ = {isa = PBXFileReference; fileEncoding = 4; lastKnownFileType = sourcecode.c.objc; path = CalenderAnimationController.m; sourceTree = "<group>"; };
/* End PBXFileReference section */

/* Begin PBXFrameworksBuildPhase section */
		910CD1EF1C16B64D00932630 /* Frameworks */ = {
			isa = PBXFrameworksBuildPhase;
			buildActionMask = 2147483647;
			files = (
			);
			runOnlyForDeploymentPostprocessing = 0;
		};
/* End PBXFrameworksBuildPhase section */

/* Begin PBXGroup section */
		910CD1E91C16B64D00932630 = {
			isa = PBXGroup;
			children = (
				910CD1F41C16B64D00932630 /* calenderAnimator */,
				910CD1F31C16B64D00932630 /* Products */,
			);
			sourceTree = "<group>";
		};
		910CD1F31C16B64D00932630 /* Products */ = {
			isa = PBXGroup;
			children = (
				910CD1F21C16B64D00932630 /* calenderAnimator.app */,
			);
			name = Products;
			sourceTree = "<group>";
		};
		910CD1F41C16B64D00932630 /* calenderAnimator */ = {
			isa = PBXGroup;
			children = (
				910CD1F81C16B64D00932630 /* AppDelegate.h */,
				910CD1F91C16B64D00932630 /* AppDelegate.m */,
				910CD1FB1C16B64D00932630 /* ViewController.h */,
				910CD1FC1C16B64D00932630 /* ViewController.m */,
				910CD2011C16B64D00932630 /* Assets.xcassets */,
				910CD2031C16B64D00932630 /* LaunchScreen.storyboard */,
				910CD2061C16B64D00932630 /* Info.plist */,
				910CD1F51C16B64D00932630 /* Supporting Files */,
				910CD20C1C16B90000932630 /* CalenderAnimationController.h */,
				910CD20D1C16B90000932630 /* CalenderAnimationController.m */,
			);
			path = calenderAnimator;
			sourceTree = "<group>";
		};
		910CD1F51C16B64D00932630 /* Supporting Files */ = {
			isa = PBXGroup;
			children = (
				910CD1F61C16B64D00932630 /* main.m */,
			);
			name = "Supporting Files";
			sourceTree = "<group>";
		};
/* End PBXGroup section */

/* Begin PBXNativeTarget section */
		910CD1F11C16B64D00932630 /* calenderAnimator */ = {
			isa = PBXNativeTarget;
			buildConfigurationList = 910CD2091C16B64D00932630 /* Build configuration list for PBXNativeTarget "calenderAnimator" */;
			buildPhases = (
				910CD1EE1C16B64D00932630 /* Sources */,
				910CD1EF1C16B64D00932630 /* Frameworks */,
				910CD1F01C16B64D00932630 /* Resources */,
			);
			buildRules = (
			);
			dependencies = (
			);
			name = calenderAnimator;
			productName = calenderAnimator;
			productReference = 910CD1F21C16B64D00932630 /* calenderAnimator.app */;
			productType = "com.apple.product-type.application";
		};
/* End PBXNativeTarget section */

/* Begin PBXProject section */
		910CD1EA1C16B64D00932630 /* Project object */ = {
			isa = PBXProject;
			attributes = {
				LastUpgradeCheck = 0710;
				ORGANIZATIONNAME = annidyfeng;
				TargetAttributes = {
					910CD1F11C16B64D00932630 = {
						CreatedOnToolsVersion = 7.1;
						DevelopmentTeam = G27295UV33;
					};
				};
			};
			buildConfigurationList = 910CD1ED1C16B64D00932630 /* Build configuration list for PBXProject "calenderAnimator" */;
			compatibilityVersion = "Xcode 3.2";
			developmentRegion = English;
			hasScannedForEncodings = 0;
			knownRegions = (
				en,
				Base,
			);
			mainGroup = 910CD1E91C16B64D00932630;
			productRefGroup = 910CD1F31C16B64D00932630 /* Products */;
			projectDirPath = "";
			projectRoot = "";
			targets = (
				910CD1F11C16B64D00932630 /* calenderAnimator */,
			);
		};
/* End PBXProject section */

/* Begin PBXResourcesBuildPhase section */
		910CD1F01C16B64D00932630 /* Resources */ = {
			isa = PBXResourcesBuildPhase;
			buildActionMask = 2147483647;
			files = (
				910CD2051C16B64D00932630 /* LaunchScreen.storyboard in Resources */,
				910CD2021C16B64D00932630 /* Assets.xcassets in Resources */,
			);
			runOnlyForDeploymentPostprocessing = 0;
		};
/* End PBXResourcesBuildPhase section */

/* Begin PBXSourcesBuildPhase section */
		910CD1EE1C16B64D00932630 /* Sources */ = {
			isa = PBXSourcesBuildPhase;
			buildActionMask = 2147483647;
			files = (
				910CD1FD1C16B64D00932630 /* ViewController.m in Sources */,
				910CD1FA1C16B64D00932630 /* AppDelegate.m in Sources */,
				910CD20E1C16B90000932630 /* CalenderAnimationController.m in Sources */,
				910CD1F71C16B64D00932630 /* main.m in Sources */,
			);
			runOnlyForDeploymentPostprocessing = 0;
		};
/* End PBXSourcesBuildPhase section */

/* Begin PBXVariantGroup section */
		910CD2031C16B64D00932630 /* LaunchScreen.storyboard */ = {
			isa = PBXVariantGroup;
			children = (
				910CD2041C16B64D00932630 /* Base */,
			);
			name = LaunchScreen.storyboard;
			sourceTree = "<group>";
		};
/* End PBXVariantGroup section */

/* Begin XCBuildConfiguration section */
		910CD2071C16B64D00932630 /* Debug */ = {
			isa = XCBuildConfiguration;
			buildSettings = {
				ALWAYS_SEARCH_USER_PATHS = NO;
				CLANG_CXX_LANGUAGE_STANDARD = "gnu++0x";
				CLANG_CXX_LIBRARY = "libc++";
				CLANG_ENABLE_MODULES = YES;
				CLANG_ENABLE_OBJC_ARC = YES;
				CLANG_WARN_BOOL_CONVERSION = YES;
				CLANG_WARN_CONSTANT_CONVERSION = YES;
				CLANG_WARN_DIRECT_OBJC_ISA_USAGE = YES_ERROR;
				CLANG_WARN_EMPTY_BODY = YES;
				CLANG_WARN_ENUM_CONVERSION = YES;
				CLANG_WARN_INT_CONVERSION = YES;
				CLANG_WARN_OBJC_ROOT_CLASS = YES_ERROR;
				CLANG_WARN_UNREACHABLE_CODE = YES;
				CLANG_WARN__DUPLICATE_METHOD_MATCH = YES;
				"CODE_SIGN_IDENTITY[sdk=iphoneos*]" = "iPhone Developer";
				COPY_PHASE_STRIP = NO;
				DEBUG_INFORMATION_FORMAT = dwarf;
				ENABLE_STRICT_OBJC_MSGSEND = YES;
				ENABLE_TESTABILITY = YES;
				GCC_C_LANGUAGE_STANDARD = gnu99;
				GCC_DYNAMIC_NO_PIC = NO;
				GCC_NO_COMMON_BLOCKS = YES;
				GCC_OPTIMIZATION_LEVEL = 0;
				GCC_PREPROCESSOR_DEFINITIONS = (
					"DEBUG=1",
					"$(inherited)",
				);
				GCC_WARN_64_TO_32_BIT_CONVERSION = YES;
				GCC_WARN_ABOUT_RETURN_TYPE = YES_ERROR;
				GCC_WARN_UNDECLARED_SELECTOR = YES;
				GCC_WARN_UNINITIALIZED_AUTOS = YES_AGGRESSIVE;
				GCC_WARN_UNUSED_FUNCTION = YES;
				GCC_WARN_UNUSED_VARIABLE = YES;
				IPHONEOS_DEPLOYMENT_TARGET = 9.1;
				MTL_ENABLE_DEBUG_INFO = YES;
				ONLY_ACTIVE_ARCH = YES;
				SDKROOT = iphoneos;
			};
			name = Debug;
		};
		910CD2081C16B64D00932630 /* Release */ = {
			isa = XCBuildConfiguration;
			buildSettings = {
				ALWAYS_SEARCH_USER_PATHS = NO;
				CLANG_CXX_LANGUAGE_STANDARD = "gnu++0x";
				CLANG_CXX_LIBRARY = "libc++";
				CLANG_ENABLE_MODULES = YES;
				CLANG_ENABLE_OBJC_ARC = YES;
				CLANG_WARN_BOOL_CONVERSION = YES;
				CLANG_WARN_CONSTANT_CONVERSION = YES;
				CLANG_WARN_DIRECT_OBJC_ISA_USAGE = YES_ERROR;
				CLANG_WARN_EMPTY_BODY = YES;
				CLANG_WARN_ENUM_CONVERSION = YES;
				CLANG_WARN_INT_CONVERSION = YES;
				CLANG_WARN_OBJC_ROOT_CLASS = YES_ERROR;
				CLANG_WARN_UNREACHABLE_CODE = YES;
				CLANG_WARN__DUPLICATE_METHOD_MATCH = YES;
				"CODE_SIGN_IDENTITY[sdk=iphoneos*]" = "iPhone Developer";
				COPY_PHASE_STRIP = NO;
				DEBUG_INFORMATION_FORMAT = "dwarf-with-dsym";
				ENABLE_NS_ASSERTIONS = NO;
				ENABLE_STRICT_OBJC_MSGSEND = YES;
				GCC_C_LANGUAGE_STANDARD = gnu99;
				GCC_NO_COMMON_BLOCKS = YES;
				GCC_WARN_64_TO_32_BIT_CONVERSION = YES;
				GCC_WARN_ABOUT_RETURN_TYPE = YES_ERROR;
				GCC_WARN_UNDECLARED_SELECTOR = YES;
				GCC_WARN_UNINITIALIZED_AUTOS = YES_AGGRESSIVE;
				GCC_WARN_UNUSED_FUNCTION = YES;
				GCC_WARN_UNUSED_VARIABLE = YES;
				IPHONEOS_DEPLOYMENT_TARGET = 9.1;
				MTL_ENABLE_DEBUG_INFO = NO;
				SDKROOT = iphoneos;
				VALIDATE_PRODUCT = YES;
			};
			name = Release;
		};
		910CD20A1C16B64D00932630 /* Debug */ = {
			isa = XCBuildConfiguration;
			buildSettings = {
				ASSETCATALOG_COMPILER_APPICON_NAME = AppIcon;
				INFOPLIST_FILE = calenderAnimator/Info.plist;
				LD_RUNPATH_SEARCH_PATHS = "$(inherited) @executable_path/Frameworks";
				PRODUCT_BUNDLE_IDENTIFIER = com.annidy.test.calenderAnimator;
				PRODUCT_NAME = "$(TARGET_NAME)";
			};
			name = Debug;
		};
		910CD20B1C16B64D00932630 /* Release */ = {
			isa = XCBuildConfiguration;
			buildSettings = {
				ASSETCATALOG_COMPILER_APPICON_NAME = AppIcon;
				INFOPLIST_FILE = calenderAnimator/Info.plist;
				LD_RUNPATH_SEARCH_PATHS = "$(inherited) @executable_path/Frameworks";
				PRODUCT_BUNDLE_IDENTIFIER = com.annidy.test.calenderAnimator;
				PRODUCT_NAME = "$(TARGET_NAME)";
			};
			name = Release;
		};
/* End XCBuildConfiguration section */

/* Begin XCConfigurationList section */
		910CD1ED1C16B64D00932630 /* Build configuration list for PBXProject "calenderAnimator" */ = {
			isa = XCConfigurationList;
			buildConfigurations = (
				910CD2071C16B64D00932630 /* Debug */,
				910CD2081C16B64D00932630 /* Release */,
			);
			defaultConfigurationIsVisible = 0;
			defaultConfigurationName = Release;
		};
		910CD2091C16B64D00932630 /* Build configuration list for PBXNativeTarget "calenderAnimator" */ = {
			isa = XCConfigurationList;
			buildConfigurations = (
				910CD20A1C16B64D00932630 /* Debug */,
				910CD20B1C16B64D00932630 /* Release */,
			);
			defaultConfigurationIsVisible = 0;
		};
/* End XCConfigurationList section */
	};
	rootObject = 910CD1EA1C16B64D00932630 /* Project object */;
}
